// !$*UTF8*$!
{
	archiveVersion = 1;
	classes = {
	};
	objectVersion = 77;
	objects = {

/* Begin PBXBuildFile section */
		0711CDC70EB6E7B277AE15EF /* SeniorHomeTests.swift in Sources */ = {isa = PBXBuildFile; fileRef = 7127AEAE9EA3E088F0BEC016 /* SeniorHomeTests.swift */; };
		1BEDBF0A177D81F1783ECB56 /* MedicationSchedule.swift in Sources */ = {isa = PBXBuildFile; fileRef = 811EDBE9F062F3CEBBC1608B /* MedicationSchedule.swift */; };
		1E2AEC21C9D522F586691091 /* NotificationPermissionView.swift in Sources */ = {isa = PBXBuildFile; fileRef = 04507C1D992941B4FBE32483 /* NotificationPermissionView.swift */; };
		2F25A45CB9B570544992A972 /* AgingInPlaceApp.swift in Sources */ = {isa = PBXBuildFile; fileRef = 8028D5FE50C29E67C27975DC /* AgingInPlaceApp.swift */; };
		34A40A82B7589CC53FDB95BB /* CaregiverHomeView.swift in Sources */ = {isa = PBXBuildFile; fileRef = 6DB2EC922046998207E94938 /* CaregiverHomeView.swift */; };
		36A98DA23EA93CDC11B53B99 /* SeniorHomeView.swift in Sources */ = {isa = PBXBuildFile; fileRef = 80DB51BADF86811BFC27F647 /* SeniorHomeView.swift */; };
		37584ADD5DDCD33338264A27 /* InviteFlowView.swift in Sources */ = {isa = PBXBuildFile; fileRef = D76CA4AD0574F6BCC2F8F173 /* InviteFlowView.swift */; };
		45E4DFD586E13B2CE4B83F7F /* LWWTests.swift in Sources */ = {isa = PBXBuildFile; fileRef = C74CCCE875C97E0B1292BC53 /* LWWTests.swift */; };
		463F581E65451F33BCFFEBC5 /* MedicationTests.swift in Sources */ = {isa = PBXBuildFile; fileRef = 638D965AC808C23FC0399887 /* MedicationTests.swift */; };
		4666C8755AE550556B4D789C /* CalendarTests.swift in Sources */ = {isa = PBXBuildFile; fileRef = 27C2E2A60A4BA62EE45EDDB8 /* CalendarTests.swift */; };
		A1B2C3D4E5F60718293A4B5C /* CareHistoryTests.swift in Sources */ = {isa = PBXBuildFile; fileRef = B6C7D8E9F0A1B2C3D4E5F607 /* CareHistoryTests.swift */; };
		482C9302D92B3F851871AD7E /* MoodPickerView.swift in Sources */ = {isa = PBXBuildFile; fileRef = 727C49F834435713A8286556 /* MoodPickerView.swift */; };
		4ADDC4EF3CFAEACF70E8CEFD /* CalendarEvent.swift in Sources */ = {isa = PBXBuildFile; fileRef = 0DF034BEE39F650B7C09EE89 /* CalendarEvent.swift */; };
		4EC504DE41DF143C28698F3E /* CareTeamMember.swift in Sources */ = {isa = PBXBuildFile; fileRef = F035822946F1854A5D6B2356 /* CareTeamMember.swift */; };
		5293690223D371776FA8A869 /* EmergencyContactListView.swift in Sources */ = {isa = PBXBuildFile; fileRef = 4D62090ED971FC1A9FEBF265 /* EmergencyContactListView.swift */; };
		55153919E4AFD09C6BA5EEDA /* MemberDetailView.swift in Sources */ = {isa = PBXBuildFile; fileRef = 332EBBB2BABB96A7DFC64F29 /* MemberDetailView.swift */; };
		5D7F2B3628C0BBCA075BEB5D /* RootView.swift in Sources */ = {isa = PBXBuildFile; fileRef = 8E9DB8BFF1674A7DD05C9C6C /* RootView.swift */; };
		5F26AFA3958C2CB0CBCC57E3 /* InviteFlowTests.swift in Sources */ = {isa = PBXBuildFile; fileRef = FC361A2161923207B056649B /* InviteFlowTests.swift */; };
		6451766CA15180E93D62EF97 /* EncryptionTests.swift in Sources */ = {isa = PBXBuildFile; fileRef = 421468401283329728812CF5 /* EncryptionTests.swift */; };
		695E8E51DB37AFDADB68FBC7 /* MedicationListView.swift in Sources */ = {isa = PBXBuildFile; fileRef = 5C4745404BD7FD786ECC4C8D /* MedicationListView.swift */; };
		6A74BF80C10E996AABF71680 /* CareVisitTests.swift in Sources */ = {isa = PBXBuildFile; fileRef = BF28CEE835492E812FB18745 /* CareVisitTests.swift */; };
		6C1E3F36088183CCFDE4A907 /* PermissionTests.swift in Sources */ = {isa = PBXBuildFile; fileRef = 2E9ACA07B422C9B78548CED6 /* PermissionTests.swift */; };
		6C2D7F3FA34C9B4D1C0213B4 /* JoinCircleView.swift in Sources */ = {isa = PBXBuildFile; fileRef = 1910E0D84AF1526DC5901B7C /* JoinCircleView.swift */; };
		6E059A8EFBB75066143FFF4D /* InviteCodeTests.swift in Sources */ = {isa = PBXBuildFile; fileRef = E097D836BEC9A41AE040435C /* InviteCodeTests.swift */; };
		7D11483930CFF49F7A343195 /* MoodTests.swift in Sources */ = {isa = PBXBuildFile; fileRef = E0A54CF8847EF96F851DAD3C /* MoodTests.swift */; };
		82053EBC086E953E8DA72C2D /* AgingInPlaceSchemaV2.swift in Sources */ = {isa = PBXBuildFile; fileRef = 14296F060B70FE4C8B50733F /* AgingInPlaceSchemaV2.swift */; };
		86EB064DF36DAAB3467A359D /* AgingInPlaceSchemaV1.swift in Sources */ = {isa = PBXBuildFile; fileRef = 96CF56CF72A95A4A12D54216 /* AgingInPlaceSchemaV1.swift */; };
		879F068516D513CA2B4D0AD7 /* InviteCode.swift in Sources */ = {isa = PBXBuildFile; fileRef = 75DEA916767A4DBE98FC3067 /* InviteCode.swift */; };
		8F6D43B49E63B9AEEC8CD6D9 /* LWWResolver.swift in Sources */ = {isa = PBXBuildFile; fileRef = 5300C3B8164F2FBB0D1E6AA5 /* LWWResolver.swift */; };
		93865FFB3CDC51166C076C6E /* NotificationServiceTests.swift in Sources */ = {isa = PBXBuildFile; fileRef = E074D8F4B6A2B1227EADC565 /* NotificationServiceTests.swift */; };
		955FEA3859B72D1B5E59BFBF /* MedicationScheduleView.swift in Sources */ = {isa = PBXBuildFile; fileRef = 2151463B0626126A11E5BB30 /* MedicationScheduleView.swift */; };
		95BD54AEFEE9E64F9090773E /* CareTeamTests.swift in Sources */ = {isa = PBXBuildFile; fileRef = AD4EB3F56A161DCF8A5D4794 /* CareTeamTests.swift */; };
		9C983FBE139512F108777361 /* CaregiverHomeTests.swift in Sources */ = {isa = PBXBuildFile; fileRef = C475901F66337781327364C8 /* CaregiverHomeTests.swift */; };
		9E0B2EC5BA90A0B0BF49EB0E /* PermissionToggleRow.swift in Sources */ = {isa = PBXBuildFile; fileRef = 743F8356F524CED3B34CA135 /* PermissionToggleRow.swift */; };
		AC022A47CEFD9D2679708B39 /* CareCircle.swift in Sources */ = {isa = PBXBuildFile; fileRef = 2BA963BC78C10FB91321A29B /* CareCircle.swift */; };
		AD0874F36B379F8DDDE4D263 /* NotificationService.swift in Sources */ = {isa = PBXBuildFile; fileRef = 0605A57136A8A9D7D4941FAA /* NotificationService.swift */; };
		B19F4208B27CC031A4318687 /* CareTeamListView.swift in Sources */ = {isa = PBXBuildFile; fileRef = A5D73D16E6B557E745760E5F /* CareTeamListView.swift */; };
		B5471B0CE0AB03B1935BBAAC /* CareRecord.swift in Sources */ = {isa = PBXBuildFile; fileRef = B5AB4DBB8FB708663AAB0963 /* CareRecord.swift */; };
		B641DAC10EDC155761FBCD10 /* KeychainService.swift in Sources */ = {isa = PBXBuildFile; fileRef = CF86E21940EAFB9711837B10 /* KeychainService.swift */; };
		B70EEC7421B2714775B90A4E /* CareVisitLog.swift in Sources */ = {isa = PBXBuildFile; fileRef = 06C239B6D7FC32FC4154505C /* CareVisitLog.swift */; };
		BC4C1AE68AC251B285D567E1 /* LogMoodView.swift in Sources */ = {isa = PBXBuildFile; fileRef = F0176CDCA45F5F5FE1E8AD90 /* LogMoodView.swift */; };
		BF7C8D2600968896E6E06768 /* AddEventView.swift in Sources */ = {isa = PBXBuildFile; fileRef = 854F7B86B935EAD0D67A9312 /* AddEventView.swift */; };
		C1D2E3F4A5B6C7D8E9F0A1B2 /* CareHistoryView.swift in Sources */ = {isa = PBXBuildFile; fileRef = D3E4F5A6B7C8D9E0F1A2B3C4 /* CareHistoryView.swift */; };
		C5D6E7F8A9B0C1D2E3F4A5B6 /* CareHistoryRow.swift in Sources */ = {isa = PBXBuildFile; fileRef = D7E8F9A0B1C2D3E4F5A6B7C8 /* CareHistoryRow.swift */; };
		C3946E5C6AE1AC7A46DD0625 /* MedicationLog.swift in Sources */ = {isa = PBXBuildFile; fileRef = 77065D992D2715C448AFCE27 /* MedicationLog.swift */; };
		C4A5CAFC338F6C47283F95FF /* PermissionCategory.swift in Sources */ = {isa = PBXBuildFile; fileRef = 4BC6042CF3528B6C701A9A37 /* PermissionCategory.swift */; };
		C4BA2FA5D6774894A4CEB9B7 /* EmergencyContactFormView.swift in Sources */ = {isa = PBXBuildFile; fileRef = BF7EE93E944079DA0653E71E /* EmergencyContactFormView.swift */; };
		C6389B26B56AD3BAE2079972 /* PendingRequestView.swift in Sources */ = {isa = PBXBuildFile; fileRef = 65FFCA2617E42F04C69EDEB9 /* PendingRequestView.swift */; };
		C8D2F2849053FA5AE611FE86 /* AgingInPlaceMigrationPlan.swift in Sources */ = {isa = PBXBuildFile; fileRef = D5A9E94861FDB247DF401945 /* AgingInPlaceMigrationPlan.swift */; };
		CC896367A4BBA3DC0EF0DE1D /* EmergencyContact.swift in Sources */ = {isa = PBXBuildFile; fileRef = EA293DD808AA44CAF9BEC767 /* EmergencyContact.swift */; };
		D67F6E1CC1A2390D128424C0 /* SchemaMigrationTests.swift in Sources */ = {isa = PBXBuildFile; fileRef = 06CD3A7E97DCEF9976028A54 /* SchemaMigrationTests.swift */; };
		D780DB97D08E8FD96166991C /* PersistenceTests.swift in Sources */ = {isa = PBXBuildFile; fileRef = CD509FECF0C9994605B87B54 /* PersistenceTests.swift */; };
		D8EA90A05E0FEAF445C66105 /* LogMedicationView.swift in Sources */ = {isa = PBXBuildFile; fileRef = 56C9B27D5CC0A984D7091CA2 /* LogMedicationView.swift */; };
		D969C5300C93680BF859DE7F /* MemberRole.swift in Sources */ = {isa = PBXBuildFile; fileRef = BFBAE621A5D7176FCE1C7E41 /* MemberRole.swift */; };
		E78EA6E5F171527C22817DB1 /* InviteCodeGenerator.swift in Sources */ = {isa = PBXBuildFile; fileRef = FB780CD561438E5F95A1056F /* InviteCodeGenerator.swift */; };
		EA45141FE059FC37DE79BE7F /* LogCareVisitView.swift in Sources */ = {isa = PBXBuildFile; fileRef = 208D8F669B4216254C61245F /* LogCareVisitView.swift */; };
		EB278974616F7761A5DE01B2 /* EmergencyContactTests.swift in Sources */ = {isa = PBXBuildFile; fileRef = 5176C4FDE81569FD023FECBB /* EmergencyContactTests.swift */; };
		EDBEF9C153CDE54E38AB5992 /* SummaryCardView.swift in Sources */ = {isa = PBXBuildFile; fileRef = 817B7A6E26CE499E0B468CA7 /* SummaryCardView.swift */; };
		EE238407C6F1AAF58F7908D0 /* MoodLog.swift in Sources */ = {isa = PBXBuildFile; fileRef = F83F3CBE3B8C460DD9A440EF /* MoodLog.swift */; };
		EE66E923862CA1D0CC9C084A /* EncryptionService.swift in Sources */ = {isa = PBXBuildFile; fileRef = D6BFB3ED3ED32DC05FAC0BD7 /* EncryptionService.swift */; };
		F0BAC6F96596A6470F87BB1B /* CareCalendarView.swift in Sources */ = {isa = PBXBuildFile; fileRef = 1E29655341538B0BABF1C1C7 /* CareCalendarView.swift */; };
		F62393B6A1753D46A65D17D3 /* Accessibility.swift in Sources */ = {isa = PBXBuildFile; fileRef = 52F287C462D684DE54EBC136 /* Accessibility.swift */; };
/* End PBXBuildFile section */

/* Begin PBXContainerItemProxy section */
		898E372ADB2541CDB4F68BF5 /* PBXContainerItemProxy */ = {
			isa = PBXContainerItemProxy;
			containerPortal = 289FD009081F6B165DA17BB0 /* Project object */;
			proxyType = 1;
			remoteGlobalIDString = D45CA24DDBF83483DF4D3DD1;
			remoteInfo = AgingInPlace;
		};
/* End PBXContainerItemProxy section */

/* Begin PBXFileReference section */
		04507C1D992941B4FBE32483 /* NotificationPermissionView.swift */ = {isa = PBXFileReference; lastKnownFileType = sourcecode.swift; path = NotificationPermissionView.swift; sourceTree = "<group>"; };
		0605A57136A8A9D7D4941FAA /* NotificationService.swift */ = {isa = PBXFileReference; lastKnownFileType = sourcecode.swift; path = NotificationService.swift; sourceTree = "<group>"; };
		06C239B6D7FC32FC4154505C /* CareVisitLog.swift */ = {isa = PBXFileReference; lastKnownFileType = sourcecode.swift; path = CareVisitLog.swift; sourceTree = "<group>"; };
		06CD3A7E97DCEF9976028A54 /* SchemaMigrationTests.swift */ = {isa = PBXFileReference; lastKnownFileType = sourcecode.swift; path = SchemaMigrationTests.swift; sourceTree = "<group>"; };
		0DF034BEE39F650B7C09EE89 /* CalendarEvent.swift */ = {isa = PBXFileReference; lastKnownFileType = sourcecode.swift; path = CalendarEvent.swift; sourceTree = "<group>"; };
		14296F060B70FE4C8B50733F /* AgingInPlaceSchemaV2.swift */ = {isa = PBXFileReference; lastKnownFileType = sourcecode.swift; path = AgingInPlaceSchemaV2.swift; sourceTree = "<group>"; };
		1910E0D84AF1526DC5901B7C /* JoinCircleView.swift */ = {isa = PBXFileReference; lastKnownFileType = sourcecode.swift; path = JoinCircleView.swift; sourceTree = "<group>"; };
		1E29655341538B0BABF1C1C7 /* CareCalendarView.swift */ = {isa = PBXFileReference; lastKnownFileType = sourcecode.swift; path = CareCalendarView.swift; sourceTree = "<group>"; };
		208D8F669B4216254C61245F /* LogCareVisitView.swift */ = {isa = PBXFileReference; lastKnownFileType = sourcecode.swift; path = LogCareVisitView.swift; sourceTree = "<group>"; };
		2151463B0626126A11E5BB30 /* MedicationScheduleView.swift */ = {isa = PBXFileReference; lastKnownFileType = sourcecode.swift; path = MedicationScheduleView.swift; sourceTree = "<group>"; };
		27C2E2A60A4BA62EE45EDDB8 /* CalendarTests.swift */ = {isa = PBXFileReference; lastKnownFileType = sourcecode.swift; path = CalendarTests.swift; sourceTree = "<group>"; };
		B6C7D8E9F0A1B2C3D4E5F607 /* CareHistoryTests.swift */ = {isa = PBXFileReference; lastKnownFileType = sourcecode.swift; path = CareHistoryTests.swift; sourceTree = "<group>"; };
		2BA963BC78C10FB91321A29B /* CareCircle.swift */ = {isa = PBXFileReference; lastKnownFileType = sourcecode.swift; path = CareCircle.swift; sourceTree = "<group>"; };
		2E9ACA07B422C9B78548CED6 /* PermissionTests.swift */ = {isa = PBXFileReference; lastKnownFileType = sourcecode.swift; path = PermissionTests.swift; sourceTree = "<group>"; };
		332EBBB2BABB96A7DFC64F29 /* MemberDetailView.swift */ = {isa = PBXFileReference; lastKnownFileType = sourcecode.swift; path = MemberDetailView.swift; sourceTree = "<group>"; };
		421468401283329728812CF5 /* EncryptionTests.swift */ = {isa = PBXFileReference; lastKnownFileType = sourcecode.swift; path = EncryptionTests.swift; sourceTree = "<group>"; };
		4BC6042CF3528B6C701A9A37 /* PermissionCategory.swift */ = {isa = PBXFileReference; lastKnownFileType = sourcecode.swift; path = PermissionCategory.swift; sourceTree = "<group>"; };
		4D62090ED971FC1A9FEBF265 /* EmergencyContactListView.swift */ = {isa = PBXFileReference; lastKnownFileType = sourcecode.swift; path = EmergencyContactListView.swift; sourceTree = "<group>"; };
		515E23EECB8C9AB02ED71B84 /* Info.plist */ = {isa = PBXFileReference; lastKnownFileType = text.plist; path = Info.plist; sourceTree = "<group>"; };
		5176C4FDE81569FD023FECBB /* EmergencyContactTests.swift */ = {isa = PBXFileReference; lastKnownFileType = sourcecode.swift; path = EmergencyContactTests.swift; sourceTree = "<group>"; };
		52F287C462D684DE54EBC136 /* Accessibility.swift */ = {isa = PBXFileReference; lastKnownFileType = sourcecode.swift; path = Accessibility.swift; sourceTree = "<group>"; };
		5300C3B8164F2FBB0D1E6AA5 /* LWWResolver.swift */ = {isa = PBXFileReference; lastKnownFileType = sourcecode.swift; path = LWWResolver.swift; sourceTree = "<group>"; };
		56C9B27D5CC0A984D7091CA2 /* LogMedicationView.swift */ = {isa = PBXFileReference; lastKnownFileType = sourcecode.swift; path = LogMedicationView.swift; sourceTree = "<group>"; };
		5C4745404BD7FD786ECC4C8D /* MedicationListView.swift */ = {isa = PBXFileReference; lastKnownFileType = sourcecode.swift; path = MedicationListView.swift; sourceTree = "<group>"; };
		638D965AC808C23FC0399887 /* MedicationTests.swift */ = {isa = PBXFileReference; lastKnownFileType = sourcecode.swift; path = MedicationTests.swift; sourceTree = "<group>"; };
		65FFCA2617E42F04C69EDEB9 /* PendingRequestView.swift */ = {isa = PBXFileReference; lastKnownFileType = sourcecode.swift; path = PendingRequestView.swift; sourceTree = "<group>"; };
		6DB2EC922046998207E94938 /* CaregiverHomeView.swift */ = {isa = PBXFileReference; lastKnownFileType = sourcecode.swift; path = CaregiverHomeView.swift; sourceTree = "<group>"; };
		7127AEAE9EA3E088F0BEC016 /* SeniorHomeTests.swift */ = {isa = PBXFileReference; lastKnownFileType = sourcecode.swift; path = SeniorHomeTests.swift; sourceTree = "<group>"; };
		727C49F834435713A8286556 /* MoodPickerView.swift */ = {isa = PBXFileReference; lastKnownFileType = sourcecode.swift; path = MoodPickerView.swift; sourceTree = "<group>"; };
		74349F8183E35EF5465C6467 /* AgingInPlace.app */ = {isa = PBXFileReference; includeInIndex = 0; lastKnownFileType = wrapper.application; path = AgingInPlace.app; sourceTree = BUILT_PRODUCTS_DIR; };
		743F8356F524CED3B34CA135 /* PermissionToggleRow.swift */ = {isa = PBXFileReference; lastKnownFileType = sourcecode.swift; path = PermissionToggleRow.swift; sourceTree = "<group>"; };
		75DEA916767A4DBE98FC3067 /* InviteCode.swift */ = {isa = PBXFileReference; lastKnownFileType = sourcecode.swift; path = InviteCode.swift; sourceTree = "<group>"; };
		77065D992D2715C448AFCE27 /* MedicationLog.swift */ = {isa = PBXFileReference; lastKnownFileType = sourcecode.swift; path = MedicationLog.swift; sourceTree = "<group>"; };
		8028D5FE50C29E67C27975DC /* AgingInPlaceApp.swift */ = {isa = PBXFileReference; lastKnownFileType = sourcecode.swift; path = AgingInPlaceApp.swift; sourceTree = "<group>"; };
		80DB51BADF86811BFC27F647 /* SeniorHomeView.swift */ = {isa = PBXFileReference; lastKnownFileType = sourcecode.swift; path = SeniorHomeView.swift; sourceTree = "<group>"; };
		811EDBE9F062F3CEBBC1608B /* MedicationSchedule.swift */ = {isa = PBXFileReference; lastKnownFileType = sourcecode.swift; path = MedicationSchedule.swift; sourceTree = "<group>"; };
		817B7A6E26CE499E0B468CA7 /* SummaryCardView.swift */ = {isa = PBXFileReference; lastKnownFileType = sourcecode.swift; path = SummaryCardView.swift; sourceTree = "<group>"; };
		854F7B86B935EAD0D67A9312 /* AddEventView.swift */ = {isa = PBXFileReference; lastKnownFileType = sourcecode.swift; path = AddEventView.swift; sourceTree = "<group>"; };
		D3E4F5A6B7C8D9E0F1A2B3C4 /* CareHistoryView.swift */ = {isa = PBXFileReference; lastKnownFileType = sourcecode.swift; path = CareHistoryView.swift; sourceTree = "<group>"; };
		D7E8F9A0B1C2D3E4F5A6B7C8 /* CareHistoryRow.swift */ = {isa = PBXFileReference; lastKnownFileType = sourcecode.swift; path = CareHistoryRow.swift; sourceTree = "<group>"; };
		8E9DB8BFF1674A7DD05C9C6C /* RootView.swift */ = {isa = PBXFileReference; lastKnownFileType = sourcecode.swift; path = RootView.swift; sourceTree = "<group>"; };
		96CF56CF72A95A4A12D54216 /* AgingInPlaceSchemaV1.swift */ = {isa = PBXFileReference; lastKnownFileType = sourcecode.swift; path = AgingInPlaceSchemaV1.swift; sourceTree = "<group>"; };
		9EF1FB28CD22A1E1CE12283B /* AgingInPlaceTests.xctest */ = {isa = PBXFileReference; includeInIndex = 0; lastKnownFileType = wrapper.cfbundle; path = AgingInPlaceTests.xctest; sourceTree = BUILT_PRODUCTS_DIR; };
		A5D73D16E6B557E745760E5F /* CareTeamListView.swift */ = {isa = PBXFileReference; lastKnownFileType = sourcecode.swift; path = CareTeamListView.swift; sourceTree = "<group>"; };
		AD4EB3F56A161DCF8A5D4794 /* CareTeamTests.swift */ = {isa = PBXFileReference; lastKnownFileType = sourcecode.swift; path = CareTeamTests.swift; sourceTree = "<group>"; };
		B5AB4DBB8FB708663AAB0963 /* CareRecord.swift */ = {isa = PBXFileReference; lastKnownFileType = sourcecode.swift; path = CareRecord.swift; sourceTree = "<group>"; };
		BF28CEE835492E812FB18745 /* CareVisitTests.swift */ = {isa = PBXFileReference; lastKnownFileType = sourcecode.swift; path = CareVisitTests.swift; sourceTree = "<group>"; };
		BF7EE93E944079DA0653E71E /* EmergencyContactFormView.swift */ = {isa = PBXFileReference; lastKnownFileType = sourcecode.swift; path = EmergencyContactFormView.swift; sourceTree = "<group>"; };
		BFBAE621A5D7176FCE1C7E41 /* MemberRole.swift */ = {isa = PBXFileReference; lastKnownFileType = sourcecode.swift; path = MemberRole.swift; sourceTree = "<group>"; };
		C475901F66337781327364C8 /* CaregiverHomeTests.swift */ = {isa = PBXFileReference; lastKnownFileType = sourcecode.swift; path = CaregiverHomeTests.swift; sourceTree = "<group>"; };
		C74CCCE875C97E0B1292BC53 /* LWWTests.swift */ = {isa = PBXFileReference; lastKnownFileType = sourcecode.swift; path = LWWTests.swift; sourceTree = "<group>"; };
		CD509FECF0C9994605B87B54 /* PersistenceTests.swift */ = {isa = PBXFileReference; lastKnownFileType = sourcecode.swift; path = PersistenceTests.swift; sourceTree = "<group>"; };
		CF86E21940EAFB9711837B10 /* KeychainService.swift */ = {isa = PBXFileReference; lastKnownFileType = sourcecode.swift; path = KeychainService.swift; sourceTree = "<group>"; };
		D1F093248940D024E9CB1903 /* AgingInPlace.entitlements */ = {isa = PBXFileReference; lastKnownFileType = text.plist.entitlements; path = AgingInPlace.entitlements; sourceTree = "<group>"; };
		D5A9E94861FDB247DF401945 /* AgingInPlaceMigrationPlan.swift */ = {isa = PBXFileReference; lastKnownFileType = sourcecode.swift; path = AgingInPlaceMigrationPlan.swift; sourceTree = "<group>"; };
		D6BFB3ED3ED32DC05FAC0BD7 /* EncryptionService.swift */ = {isa = PBXFileReference; lastKnownFileType = sourcecode.swift; path = EncryptionService.swift; sourceTree = "<group>"; };
		D76CA4AD0574F6BCC2F8F173 /* InviteFlowView.swift */ = {isa = PBXFileReference; lastKnownFileType = sourcecode.swift; path = InviteFlowView.swift; sourceTree = "<group>"; };
		E074D8F4B6A2B1227EADC565 /* NotificationServiceTests.swift */ = {isa = PBXFileReference; lastKnownFileType = sourcecode.swift; path = NotificationServiceTests.swift; sourceTree = "<group>"; };
		E097D836BEC9A41AE040435C /* InviteCodeTests.swift */ = {isa = PBXFileReference; lastKnownFileType = sourcecode.swift; path = InviteCodeTests.swift; sourceTree = "<group>"; };
		E0A54CF8847EF96F851DAD3C /* MoodTests.swift */ = {isa = PBXFileReference; lastKnownFileType = sourcecode.swift; path = MoodTests.swift; sourceTree = "<group>"; };
		EA293DD808AA44CAF9BEC767 /* EmergencyContact.swift */ = {isa = PBXFileReference; lastKnownFileType = sourcecode.swift; path = EmergencyContact.swift; sourceTree = "<group>"; };
		F0176CDCA45F5F5FE1E8AD90 /* LogMoodView.swift */ = {isa = PBXFileReference; lastKnownFileType = sourcecode.swift; path = LogMoodView.swift; sourceTree = "<group>"; };
		F035822946F1854A5D6B2356 /* CareTeamMember.swift */ = {isa = PBXFileReference; lastKnownFileType = sourcecode.swift; path = CareTeamMember.swift; sourceTree = "<group>"; };
		F83F3CBE3B8C460DD9A440EF /* MoodLog.swift */ = {isa = PBXFileReference; lastKnownFileType = sourcecode.swift; path = MoodLog.swift; sourceTree = "<group>"; };
		F89071F2EA98D68EDE81D955 /* Info.plist */ = {isa = PBXFileReference; lastKnownFileType = text.plist; path = Info.plist; sourceTree = "<group>"; };
		FB780CD561438E5F95A1056F /* InviteCodeGenerator.swift */ = {isa = PBXFileReference; lastKnownFileType = sourcecode.swift; path = InviteCodeGenerator.swift; sourceTree = "<group>"; };
		FC361A2161923207B056649B /* InviteFlowTests.swift */ = {isa = PBXFileReference; lastKnownFileType = sourcecode.swift; path = InviteFlowTests.swift; sourceTree = "<group>"; };
/* End PBXFileReference section */

/* Begin PBXGroup section */
		0DC0A5E6247174D4992825DB /* App */ = {
			isa = PBXGroup;
			children = (
				8028D5FE50C29E67C27975DC /* AgingInPlaceApp.swift */,
				8E9DB8BFF1674A7DD05C9C6C /* RootView.swift */,
			);
			path = App;
			sourceTree = "<group>";
		};
		19DC27AB6F26ECCD7F62D0B5 /* AgingInPlace */ = {
			isa = PBXGroup;
			children = (
				D1F093248940D024E9CB1903 /* AgingInPlace.entitlements */,
				515E23EECB8C9AB02ED71B84 /* Info.plist */,
				0DC0A5E6247174D4992825DB /* App */,
				C8AFA284F0E677F161359310 /* Design */,
				EBA8B8F581D0902ACAE90B85 /* Encryption */,
				D5A085ECE92A659B445BDC15 /* Features */,
				3D3A1357A8B66F3AFE73A199 /* Models */,
				EDAB15B330A9EC79E1D476F1 /* Notifications */,
			);
			path = AgingInPlace;
			sourceTree = "<group>";
		};
		1C1FB21AAAA5FA36E8878011 /* SeniorHome */ = {
			isa = PBXGroup;
			children = (
				80DB51BADF86811BFC27F647 /* SeniorHomeView.swift */,
				817B7A6E26CE499E0B468CA7 /* SummaryCardView.swift */,
			);
			path = SeniorHome;
			sourceTree = "<group>";
		};
		2136DDA6BF0C2A9ACB8B65BE /* CareTeam */ = {
			isa = PBXGroup;
			children = (
				A5D73D16E6B557E745760E5F /* CareTeamListView.swift */,
				FB780CD561438E5F95A1056F /* InviteCodeGenerator.swift */,
				D76CA4AD0574F6BCC2F8F173 /* InviteFlowView.swift */,
				1910E0D84AF1526DC5901B7C /* JoinCircleView.swift */,
				332EBBB2BABB96A7DFC64F29 /* MemberDetailView.swift */,
				65FFCA2617E42F04C69EDEB9 /* PendingRequestView.swift */,
				743F8356F524CED3B34CA135 /* PermissionToggleRow.swift */,
			);
			path = CareTeam;
			sourceTree = "<group>";
		};
		2689D2D382E720DA13781132 /* AgingInPlaceTests */ = {
			isa = PBXGroup;
			children = (
				27C2E2A60A4BA62EE45EDDB8 /* CalendarTests.swift */,
				B6C7D8E9F0A1B2C3D4E5F607 /* CareHistoryTests.swift */,
				C475901F66337781327364C8 /* CaregiverHomeTests.swift */,
				AD4EB3F56A161DCF8A5D4794 /* CareTeamTests.swift */,
				BF28CEE835492E812FB18745 /* CareVisitTests.swift */,
				5176C4FDE81569FD023FECBB /* EmergencyContactTests.swift */,
				421468401283329728812CF5 /* EncryptionTests.swift */,
				F89071F2EA98D68EDE81D955 /* Info.plist */,
				E097D836BEC9A41AE040435C /* InviteCodeTests.swift */,
				FC361A2161923207B056649B /* InviteFlowTests.swift */,
				C74CCCE875C97E0B1292BC53 /* LWWTests.swift */,
				638D965AC808C23FC0399887 /* MedicationTests.swift */,
				E0A54CF8847EF96F851DAD3C /* MoodTests.swift */,
				E074D8F4B6A2B1227EADC565 /* NotificationServiceTests.swift */,
				2E9ACA07B422C9B78548CED6 /* PermissionTests.swift */,
				CD509FECF0C9994605B87B54 /* PersistenceTests.swift */,
				06CD3A7E97DCEF9976028A54 /* SchemaMigrationTests.swift */,
				7127AEAE9EA3E088F0BEC016 /* SeniorHomeTests.swift */,
			);
			path = AgingInPlaceTests;
			sourceTree = "<group>";
		};
		3D3A1357A8B66F3AFE73A199 /* Models */ = {
			isa = PBXGroup;
			children = (
				0DF034BEE39F650B7C09EE89 /* CalendarEvent.swift */,
				2BA963BC78C10FB91321A29B /* CareCircle.swift */,
				B5AB4DBB8FB708663AAB0963 /* CareRecord.swift */,
				F035822946F1854A5D6B2356 /* CareTeamMember.swift */,
				06C239B6D7FC32FC4154505C /* CareVisitLog.swift */,
				EA293DD808AA44CAF9BEC767 /* EmergencyContact.swift */,
				75DEA916767A4DBE98FC3067 /* InviteCode.swift */,
				5300C3B8164F2FBB0D1E6AA5 /* LWWResolver.swift */,
				77065D992D2715C448AFCE27 /* MedicationLog.swift */,
				811EDBE9F062F3CEBBC1608B /* MedicationSchedule.swift */,
				BFBAE621A5D7176FCE1C7E41 /* MemberRole.swift */,
				F83F3CBE3B8C460DD9A440EF /* MoodLog.swift */,
				4BC6042CF3528B6C701A9A37 /* PermissionCategory.swift */,
				AEF2999C9BF299DFB715A88C /* Schema */,
			);
			path = Models;
			sourceTree = "<group>";
		};
		6B5461D8B1DE1EB8E696A6D4 /* Calendar */ = {
			isa = PBXGroup;
			children = (
				854F7B86B935EAD0D67A9312 /* AddEventView.swift */,
				1E29655341538B0BABF1C1C7 /* CareCalendarView.swift */,
			);
			path = Calendar;
			sourceTree = "<group>";
		};
		72CC52B9810366CCEB1AEA1A = {
			isa = PBXGroup;
			children = (
				19DC27AB6F26ECCD7F62D0B5 /* AgingInPlace */,
				2689D2D382E720DA13781132 /* AgingInPlaceTests */,
				B9508126461C11F15AFC42C8 /* Products */,
			);
			sourceTree = "<group>";
		};
		AD36D5FA0DC7ADDC697FF51B /* Medications */ = {
			isa = PBXGroup;
			children = (
				56C9B27D5CC0A984D7091CA2 /* LogMedicationView.swift */,
				5C4745404BD7FD786ECC4C8D /* MedicationListView.swift */,
				2151463B0626126A11E5BB30 /* MedicationScheduleView.swift */,
				04507C1D992941B4FBE32483 /* NotificationPermissionView.swift */,
			);
			path = Medications;
			sourceTree = "<group>";
		};
		AEF2999C9BF299DFB715A88C /* Schema */ = {
			isa = PBXGroup;
			children = (
				D5A9E94861FDB247DF401945 /* AgingInPlaceMigrationPlan.swift */,
				96CF56CF72A95A4A12D54216 /* AgingInPlaceSchemaV1.swift */,
				14296F060B70FE4C8B50733F /* AgingInPlaceSchemaV2.swift */,
			);
			path = Schema;
			sourceTree = "<group>";
		};
		B9508126461C11F15AFC42C8 /* Products */ = {
			isa = PBXGroup;
			children = (
				74349F8183E35EF5465C6467 /* AgingInPlace.app */,
				9EF1FB28CD22A1E1CE12283B /* AgingInPlaceTests.xctest */,
			);
			name = Products;
			sourceTree = "<group>";
		};
		BE2312123D702628498E0ADA /* Mood */ = {
			isa = PBXGroup;
			children = (
				F0176CDCA45F5F5FE1E8AD90 /* LogMoodView.swift */,
				727C49F834435713A8286556 /* MoodPickerView.swift */,
			);
			path = Mood;
			sourceTree = "<group>";
		};
		C26D928866942A5298708600 /* CareVisit */ = {
			isa = PBXGroup;
			children = (
				208D8F669B4216254C61245F /* LogCareVisitView.swift */,
			);
			path = CareVisit;
			sourceTree = "<group>";
		};
		C8AFA284F0E677F161359310 /* Design */ = {
			isa = PBXGroup;
			children = (
				52F287C462D684DE54EBC136 /* Accessibility.swift */,
			);
			path = Design;
			sourceTree = "<group>";
		};
		F1A2B3C4D5E6F7A8B9C0D1E2 /* CareHistory */ = {
			isa = PBXGroup;
			children = (
				D3E4F5A6B7C8D9E0F1A2B3C4 /* CareHistoryView.swift */,
				D7E8F9A0B1C2D3E4F5A6B7C8 /* CareHistoryRow.swift */,
			);
			path = CareHistory;
			sourceTree = "<group>";
		};
		D5A085ECE92A659B445BDC15 /* Features */ = {
			isa = PBXGroup;
			children = (
				6B5461D8B1DE1EB8E696A6D4 /* Calendar */,
				F1A2B3C4D5E6F7A8B9C0D1E2 /* CareHistory */,
				E9DE98F2F631B9EC58204C70 /* CaregiverHome */,
				2136DDA6BF0C2A9ACB8B65BE /* CareTeam */,
				C26D928866942A5298708600 /* CareVisit */,
				E9FEB54638162DC341BC31F4 /* EmergencyContacts */,
				AD36D5FA0DC7ADDC697FF51B /* Medications */,
				BE2312123D702628498E0ADA /* Mood */,
				1C1FB21AAAA5FA36E8878011 /* SeniorHome */,
			);
			path = Features;
			sourceTree = "<group>";
		};
		E9DE98F2F631B9EC58204C70 /* CaregiverHome */ = {
			isa = PBXGroup;
			children = (
				6DB2EC922046998207E94938 /* CaregiverHomeView.swift */,
			);
			path = CaregiverHome;
			sourceTree = "<group>";
		};
		E9FEB54638162DC341BC31F4 /* EmergencyContacts */ = {
			isa = PBXGroup;
			children = (
				BF7EE93E944079DA0653E71E /* EmergencyContactFormView.swift */,
				4D62090ED971FC1A9FEBF265 /* EmergencyContactListView.swift */,
			);
			path = EmergencyContacts;
			sourceTree = "<group>";
		};
		EBA8B8F581D0902ACAE90B85 /* Encryption */ = {
			isa = PBXGroup;
			children = (
				D6BFB3ED3ED32DC05FAC0BD7 /* EncryptionService.swift */,
				CF86E21940EAFB9711837B10 /* KeychainService.swift */,
			);
			path = Encryption;
			sourceTree = "<group>";
		};
		EDAB15B330A9EC79E1D476F1 /* Notifications */ = {
			isa = PBXGroup;
			children = (
				0605A57136A8A9D7D4941FAA /* NotificationService.swift */,
			);
			path = Notifications;
			sourceTree = "<group>";
		};
/* End PBXGroup section */

/* Begin PBXNativeTarget section */
		0AA10EEA11DDFD9D179FCE7B /* AgingInPlaceTests */ = {
			isa = PBXNativeTarget;
			buildConfigurationList = 71D2ACD937A2981F7FBCBFBE /* Build configuration list for PBXNativeTarget "AgingInPlaceTests" */;
			buildPhases = (
				5DFDC524588CFFEDF091B9A0 /* Sources */,
			);
			buildRules = (
			);
			dependencies = (
				0BDB862855344C1324AED2D7 /* PBXTargetDependency */,
			);
			name = AgingInPlaceTests;
			packageProductDependencies = (
			);
			productName = AgingInPlaceTests;
			productReference = 9EF1FB28CD22A1E1CE12283B /* AgingInPlaceTests.xctest */;
			productType = "com.apple.product-type.bundle.unit-test";
		};
		D45CA24DDBF83483DF4D3DD1 /* AgingInPlace */ = {
			isa = PBXNativeTarget;
			buildConfigurationList = 3E323B2D94FDB7EFC8B550EF /* Build configuration list for PBXNativeTarget "AgingInPlace" */;
			buildPhases = (
				A80FC3DE3F97D7A4847B6548 /* Sources */,
			);
			buildRules = (
			);
			dependencies = (
			);
			name = AgingInPlace;
			packageProductDependencies = (
			);
			productName = AgingInPlace;
			productReference = 74349F8183E35EF5465C6467 /* AgingInPlace.app */;
			productType = "com.apple.product-type.application";
		};
/* End PBXNativeTarget section */

/* Begin PBXProject section */
		289FD009081F6B165DA17BB0 /* Project object */ = {
			isa = PBXProject;
			attributes = {
				BuildIndependentTargetsInParallel = YES;
				LastUpgradeCheck = 1600;
				TargetAttributes = {
					D45CA24DDBF83483DF4D3DD1 = {
						DevelopmentTeam = "";
						ProvisioningStyle = Automatic;
					};
				};
			};
			buildConfigurationList = BE2975702A1301FE84BAD1C1 /* Build configuration list for PBXProject "AgingInPlace" */;
			developmentRegion = en;
			hasScannedForEncodings = 0;
			knownRegions = (
				Base,
				en,
			);
			mainGroup = 72CC52B9810366CCEB1AEA1A;
			minimizedProjectReferenceProxies = 1;
			preferredProjectObjectVersion = 77;
			productRefGroup = B9508126461C11F15AFC42C8 /* Products */;
			projectDirPath = "";
			projectRoot = "";
			targets = (
				D45CA24DDBF83483DF4D3DD1 /* AgingInPlace */,
				0AA10EEA11DDFD9D179FCE7B /* AgingInPlaceTests */,
			);
		};
/* End PBXProject section */

/* Begin PBXSourcesBuildPhase section */
		5DFDC524588CFFEDF091B9A0 /* Sources */ = {
			isa = PBXSourcesBuildPhase;
			buildActionMask = 2147483647;
			files = (
				4666C8755AE550556B4D789C /* CalendarTests.swift in Sources */,
				A1B2C3D4E5F60718293A4B5C /* CareHistoryTests.swift in Sources */,
				95BD54AEFEE9E64F9090773E /* CareTeamTests.swift in Sources */,
				6A74BF80C10E996AABF71680 /* CareVisitTests.swift in Sources */,
				9C983FBE139512F108777361 /* CaregiverHomeTests.swift in Sources */,
				EB278974616F7761A5DE01B2 /* EmergencyContactTests.swift in Sources */,
				6451766CA15180E93D62EF97 /* EncryptionTests.swift in Sources */,
				6E059A8EFBB75066143FFF4D /* InviteCodeTests.swift in Sources */,
				5F26AFA3958C2CB0CBCC57E3 /* InviteFlowTests.swift in Sources */,
				45E4DFD586E13B2CE4B83F7F /* LWWTests.swift in Sources */,
				463F581E65451F33BCFFEBC5 /* MedicationTests.swift in Sources */,
				7D11483930CFF49F7A343195 /* MoodTests.swift in Sources */,
				93865FFB3CDC51166C076C6E /* NotificationServiceTests.swift in Sources */,
				6C1E3F36088183CCFDE4A907 /* PermissionTests.swift in Sources */,
				D780DB97D08E8FD96166991C /* PersistenceTests.swift in Sources */,
				D67F6E1CC1A2390D128424C0 /* SchemaMigrationTests.swift in Sources */,
				0711CDC70EB6E7B277AE15EF /* SeniorHomeTests.swift in Sources */,
			);
			runOnlyForDeploymentPostprocessing = 0;
		};
		A80FC3DE3F97D7A4847B6548 /* Sources */ = {
			isa = PBXSourcesBuildPhase;
			buildActionMask = 2147483647;
			files = (
				F62393B6A1753D46A65D17D3 /* Accessibility.swift in Sources */,
				BF7C8D2600968896E6E06768 /* AddEventView.swift in Sources */,
				2F25A45CB9B570544992A972 /* AgingInPlaceApp.swift in Sources */,
				C8D2F2849053FA5AE611FE86 /* AgingInPlaceMigrationPlan.swift in Sources */,
				86EB064DF36DAAB3467A359D /* AgingInPlaceSchemaV1.swift in Sources */,
				82053EBC086E953E8DA72C2D /* AgingInPlaceSchemaV2.swift in Sources */,
				4ADDC4EF3CFAEACF70E8CEFD /* CalendarEvent.swift in Sources */,
				F0BAC6F96596A6470F87BB1B /* CareCalendarView.swift in Sources */,
				AC022A47CEFD9D2679708B39 /* CareCircle.swift in Sources */,
				C1D2E3F4A5B6C7D8E9F0A1B2 /* CareHistoryView.swift in Sources */,
				C5D6E7F8A9B0C1D2E3F4A5B6 /* CareHistoryRow.swift in Sources */,
				B5471B0CE0AB03B1935BBAAC /* CareRecord.swift in Sources */,
				B19F4208B27CC031A4318687 /* CareTeamListView.swift in Sources */,
				4EC504DE41DF143C28698F3E /* CareTeamMember.swift in Sources */,
				B70EEC7421B2714775B90A4E /* CareVisitLog.swift in Sources */,
				34A40A82B7589CC53FDB95BB /* CaregiverHomeView.swift in Sources */,
				CC896367A4BBA3DC0EF0DE1D /* EmergencyContact.swift in Sources */,
				C4BA2FA5D6774894A4CEB9B7 /* EmergencyContactFormView.swift in Sources */,
				5293690223D371776FA8A869 /* EmergencyContactListView.swift in Sources */,
				EE66E923862CA1D0CC9C084A /* EncryptionService.swift in Sources */,
				879F068516D513CA2B4D0AD7 /* InviteCode.swift in Sources */,
				E78EA6E5F171527C22817DB1 /* InviteCodeGenerator.swift in Sources */,
				37584ADD5DDCD33338264A27 /* InviteFlowView.swift in Sources */,
				6C2D7F3FA34C9B4D1C0213B4 /* JoinCircleView.swift in Sources */,
				B641DAC10EDC155761FBCD10 /* KeychainService.swift in Sources */,
				8F6D43B49E63B9AEEC8CD6D9 /* LWWResolver.swift in Sources */,
				EA45141FE059FC37DE79BE7F /* LogCareVisitView.swift in Sources */,
				D8EA90A05E0FEAF445C66105 /* LogMedicationView.swift in Sources */,
				BC4C1AE68AC251B285D567E1 /* LogMoodView.swift in Sources */,
				695E8E51DB37AFDADB68FBC7 /* MedicationListView.swift in Sources */,
				C3946E5C6AE1AC7A46DD0625 /* MedicationLog.swift in Sources */,
				1BEDBF0A177D81F1783ECB56 /* MedicationSchedule.swift in Sources */,
				955FEA3859B72D1B5E59BFBF /* MedicationScheduleView.swift in Sources */,
				55153919E4AFD09C6BA5EEDA /* MemberDetailView.swift in Sources */,
				D969C5300C93680BF859DE7F /* MemberRole.swift in Sources */,
				EE238407C6F1AAF58F7908D0 /* MoodLog.swift in Sources */,
				482C9302D92B3F851871AD7E /* MoodPickerView.swift in Sources */,
				1E2AEC21C9D522F586691091 /* NotificationPermissionView.swift in Sources */,
				AD0874F36B379F8DDDE4D263 /* NotificationService.swift in Sources */,
				C6389B26B56AD3BAE2079972 /* PendingRequestView.swift in Sources */,
				C4A5CAFC338F6C47283F95FF /* PermissionCategory.swift in Sources */,
				9E0B2EC5BA90A0B0BF49EB0E /* PermissionToggleRow.swift in Sources */,
				5D7F2B3628C0BBCA075BEB5D /* RootView.swift in Sources */,
				36A98DA23EA93CDC11B53B99 /* SeniorHomeView.swift in Sources */,
				EDBEF9C153CDE54E38AB5992 /* SummaryCardView.swift in Sources */,
			);
			runOnlyForDeploymentPostprocessing = 0;
		};
/* End PBXSourcesBuildPhase section */

/* Begin PBXTargetDependency section */
		0BDB862855344C1324AED2D7 /* PBXTargetDependency */ = {
			isa = PBXTargetDependency;
			target = D45CA24DDBF83483DF4D3DD1 /* AgingInPlace */;
			targetProxy = 898E372ADB2541CDB4F68BF5 /* PBXContainerItemProxy */;
		};
/* End PBXTargetDependency section */

/* Begin XCBuildConfiguration section */
		09FFA8ED359B356EDF1E967C /* Debug */ = {
			isa = XCBuildConfiguration;
			buildSettings = {
				ASSETCATALOG_COMPILER_APPICON_NAME = AppIcon;
				CODE_SIGN_ENTITLEMENTS = AgingInPlace/AgingInPlace.entitlements;
				CODE_SIGN_IDENTITY = "iPhone Developer";
				CODE_SIGN_STYLE = Automatic;
				DEVELOPMENT_TEAM = "";
				INFOPLIST_FILE = AgingInPlace/Info.plist;
				IPHONEOS_DEPLOYMENT_TARGET = 17.0;
				LD_RUNPATH_SEARCH_PATHS = (
					"$(inherited)",
					"@executable_path/Frameworks",
				);
				PRODUCT_BUNDLE_IDENTIFIER = com.agingInPlace.app;
				SDKROOT = iphoneos;
				SWIFT_STRICT_CONCURRENCY = complete;
				SWIFT_VERSION = 6.0;
				TARGETED_DEVICE_FAMILY = "1,2";
			};
			name = Debug;
		};
		0FCD970A50DD609B9DA51A1A /* Release */ = {
			isa = XCBuildConfiguration;
			buildSettings = {
				ALWAYS_SEARCH_USER_PATHS = NO;
				CLANG_ANALYZER_NONNULL = YES;
				CLANG_ANALYZER_NUMBER_OBJECT_CONVERSION = YES_AGGRESSIVE;
				CLANG_CXX_LANGUAGE_STANDARD = "gnu++14";
				CLANG_CXX_LIBRARY = "libc++";
				CLANG_ENABLE_MODULES = YES;
				CLANG_ENABLE_OBJC_ARC = YES;
				CLANG_ENABLE_OBJC_WEAK = YES;
				CLANG_WARN_BLOCK_CAPTURE_AUTORELEASING = YES;
				CLANG_WARN_BOOL_CONVERSION = YES;
				CLANG_WARN_COMMA = YES;
				CLANG_WARN_CONSTANT_CONVERSION = YES;
				CLANG_WARN_DEPRECATED_OBJC_IMPLEMENTATIONS = YES;
				CLANG_WARN_DIRECT_OBJC_ISA_USAGE = YES_ERROR;
				CLANG_WARN_DOCUMENTATION_COMMENTS = YES;
				CLANG_WARN_EMPTY_BODY = YES;
				CLANG_WARN_ENUM_CONVERSION = YES;
				CLANG_WARN_INFINITE_RECURSION = YES;
				CLANG_WARN_INT_CONVERSION = YES;
				CLANG_WARN_NON_LITERAL_NULL_CONVERSION = YES;
				CLANG_WARN_OBJC_IMPLICIT_RETAIN_SELF = YES;
				CLANG_WARN_OBJC_LITERAL_CONVERSION = YES;
				CLANG_WARN_OBJC_ROOT_CLASS = YES_ERROR;
				CLANG_WARN_QUOTED_INCLUDE_IN_FRAMEWORK_HEADER = YES;
				CLANG_WARN_RANGE_LOOP_ANALYSIS = YES;
				CLANG_WARN_STRICT_PROTOTYPES = YES;
				CLANG_WARN_SUSPICIOUS_MOVE = YES;
				CLANG_WARN_UNGUARDED_AVAILABILITY = YES_AGGRESSIVE;
				CLANG_WARN_UNREACHABLE_CODE = YES;
				CLANG_WARN__DUPLICATE_METHOD_MATCH = YES;
				COPY_PHASE_STRIP = NO;
				DEBUG_INFORMATION_FORMAT = "dwarf-with-dsym";
				ENABLE_NS_ASSERTIONS = NO;
				ENABLE_STRICT_OBJC_MSGSEND = YES;
				GCC_C_LANGUAGE_STANDARD = gnu11;
				GCC_NO_COMMON_BLOCKS = YES;
				GCC_WARN_64_TO_32_BIT_CONVERSION = YES;
				GCC_WARN_ABOUT_RETURN_TYPE = YES_ERROR;
				GCC_WARN_UNDECLARED_SELECTOR = YES;
				GCC_WARN_UNINITIALIZED_AUTOS = YES_AGGRESSIVE;
				GCC_WARN_UNUSED_FUNCTION = YES;
				GCC_WARN_UNUSED_VARIABLE = YES;
				IPHONEOS_DEPLOYMENT_TARGET = 17.0;
				MTL_ENABLE_DEBUG_INFO = NO;
				MTL_FAST_MATH = YES;
				PRODUCT_NAME = "$(TARGET_NAME)";
				SDKROOT = iphoneos;
				SWIFT_COMPILATION_MODE = wholemodule;
				SWIFT_OPTIMIZATION_LEVEL = "-O";
				SWIFT_STRICT_CONCURRENCY = complete;
				SWIFT_VERSION = 6.0;
			};
			name = Release;
		};
		26A4F15438EB1D4C69A7E7FC /* Debug */ = {
			isa = XCBuildConfiguration;
			buildSettings = {
				BUNDLE_LOADER = "$(TEST_HOST)";
				INFOPLIST_FILE = AgingInPlaceTests/Info.plist;
				IPHONEOS_DEPLOYMENT_TARGET = 17.0;
				LD_RUNPATH_SEARCH_PATHS = (
					"$(inherited)",
					"@executable_path/Frameworks",
					"@loader_path/Frameworks",
				);
				PRODUCT_BUNDLE_IDENTIFIER = com.agingInPlace.tests;
				SDKROOT = iphoneos;
				SWIFT_STRICT_CONCURRENCY = complete;
				SWIFT_VERSION = 6.0;
				TARGETED_DEVICE_FAMILY = "1,2";
				TEST_HOST = "$(BUILT_PRODUCTS_DIR)/AgingInPlace.app/AgingInPlace";
			};
			name = Debug;
		};
		5FBDB947A405E54568A6A3D0 /* Release */ = {
			isa = XCBuildConfiguration;
			buildSettings = {
				BUNDLE_LOADER = "$(TEST_HOST)";
				INFOPLIST_FILE = AgingInPlaceTests/Info.plist;
				IPHONEOS_DEPLOYMENT_TARGET = 17.0;
				LD_RUNPATH_SEARCH_PATHS = (
					"$(inherited)",
					"@executable_path/Frameworks",
					"@loader_path/Frameworks",
				);
				PRODUCT_BUNDLE_IDENTIFIER = com.agingInPlace.tests;
				SDKROOT = iphoneos;
				SWIFT_STRICT_CONCURRENCY = complete;
				SWIFT_VERSION = 6.0;
				TARGETED_DEVICE_FAMILY = "1,2";
				TEST_HOST = "$(BUILT_PRODUCTS_DIR)/AgingInPlace.app/AgingInPlace";
			};
			name = Release;
		};
		AC7CD98D9D6E607A9AD7EEB1 /* Debug */ = {
			isa = XCBuildConfiguration;
			buildSettings = {
				ALWAYS_SEARCH_USER_PATHS = NO;
				CLANG_ANALYZER_NONNULL = YES;
				CLANG_ANALYZER_NUMBER_OBJECT_CONVERSION = YES_AGGRESSIVE;
				CLANG_CXX_LANGUAGE_STANDARD = "gnu++14";
				CLANG_CXX_LIBRARY = "libc++";
				CLANG_ENABLE_MODULES = YES;
				CLANG_ENABLE_OBJC_ARC = YES;
				CLANG_ENABLE_OBJC_WEAK = YES;
				CLANG_WARN_BLOCK_CAPTURE_AUTORELEASING = YES;
				CLANG_WARN_BOOL_CONVERSION = YES;
				CLANG_WARN_COMMA = YES;
				CLANG_WARN_CONSTANT_CONVERSION = YES;
				CLANG_WARN_DEPRECATED_OBJC_IMPLEMENTATIONS = YES;
				CLANG_WARN_DIRECT_OBJC_ISA_USAGE = YES_ERROR;
				CLANG_WARN_DOCUMENTATION_COMMENTS = YES;
				CLANG_WARN_EMPTY_BODY = YES;
				CLANG_WARN_ENUM_CONVERSION = YES;
				CLANG_WARN_INFINITE_RECURSION = YES;
				CLANG_WARN_INT_CONVERSION = YES;
				CLANG_WARN_NON_LITERAL_NULL_CONVERSION = YES;
				CLANG_WARN_OBJC_IMPLICIT_RETAIN_SELF = YES;
				CLANG_WARN_OBJC_LITERAL_CONVERSION = YES;
				CLANG_WARN_OBJC_ROOT_CLASS = YES_ERROR;
				CLANG_WARN_QUOTED_INCLUDE_IN_FRAMEWORK_HEADER = YES;
				CLANG_WARN_RANGE_LOOP_ANALYSIS = YES;
				CLANG_WARN_STRICT_PROTOTYPES = YES;
				CLANG_WARN_SUSPICIOUS_MOVE = YES;
				CLANG_WARN_UNGUARDED_AVAILABILITY = YES_AGGRESSIVE;
				CLANG_WARN_UNREACHABLE_CODE = YES;
				CLANG_WARN__DUPLICATE_METHOD_MATCH = YES;
				COPY_PHASE_STRIP = NO;
				DEBUG_INFORMATION_FORMAT = dwarf;
				ENABLE_STRICT_OBJC_MSGSEND = YES;
				ENABLE_TESTABILITY = YES;
				GCC_C_LANGUAGE_STANDARD = gnu11;
				GCC_DYNAMIC_NO_PIC = NO;
				GCC_NO_COMMON_BLOCKS = YES;
				GCC_OPTIMIZATION_LEVEL = 0;
				GCC_PREPROCESSOR_DEFINITIONS = (
					"$(inherited)",
					"DEBUG=1",
				);
				GCC_WARN_64_TO_32_BIT_CONVERSION = YES;
				GCC_WARN_ABOUT_RETURN_TYPE = YES_ERROR;
				GCC_WARN_UNDECLARED_SELECTOR = YES;
				GCC_WARN_UNINITIALIZED_AUTOS = YES_AGGRESSIVE;
				GCC_WARN_UNUSED_FUNCTION = YES;
				GCC_WARN_UNUSED_VARIABLE = YES;
				IPHONEOS_DEPLOYMENT_TARGET = 17.0;
				MTL_ENABLE_DEBUG_INFO = INCLUDE_SOURCE;
				MTL_FAST_MATH = YES;
				ONLY_ACTIVE_ARCH = YES;
				PRODUCT_NAME = "$(TARGET_NAME)";
				SDKROOT = iphoneos;
				SWIFT_ACTIVE_COMPILATION_CONDITIONS = DEBUG;
				SWIFT_OPTIMIZATION_LEVEL = "-Onone";
				SWIFT_STRICT_CONCURRENCY = complete;
				SWIFT_VERSION = 6.0;
			};
			name = Debug;
		};
		B00FDFCF5616E2A6CAE3EC6C /* Release */ = {
			isa = XCBuildConfiguration;
			buildSettings = {
				ASSETCATALOG_COMPILER_APPICON_NAME = AppIcon;
				CODE_SIGN_ENTITLEMENTS = AgingInPlace/AgingInPlace.entitlements;
				CODE_SIGN_IDENTITY = "iPhone Developer";
				CODE_SIGN_STYLE = Automatic;
				DEVELOPMENT_TEAM = "";
				INFOPLIST_FILE = AgingInPlace/Info.plist;
				IPHONEOS_DEPLOYMENT_TARGET = 17.0;
				LD_RUNPATH_SEARCH_PATHS = (
					"$(inherited)",
					"@executable_path/Frameworks",
				);
				PRODUCT_BUNDLE_IDENTIFIER = com.agingInPlace.app;
				SDKROOT = iphoneos;
				SWIFT_STRICT_CONCURRENCY = complete;
				SWIFT_VERSION = 6.0;
				TARGETED_DEVICE_FAMILY = "1,2";
			};
			name = Release;
		};
/* End XCBuildConfiguration section */

/* Begin XCConfigurationList section */
		3E323B2D94FDB7EFC8B550EF /* Build configuration list for PBXNativeTarget "AgingInPlace" */ = {
			isa = XCConfigurationList;
			buildConfigurations = (
				09FFA8ED359B356EDF1E967C /* Debug */,
				B00FDFCF5616E2A6CAE3EC6C /* Release */,
			);
			defaultConfigurationIsVisible = 0;
			defaultConfigurationName = Debug;
		};
		71D2ACD937A2981F7FBCBFBE /* Build configuration list for PBXNativeTarget "AgingInPlaceTests" */ = {
			isa = XCConfigurationList;
			buildConfigurations = (
				26A4F15438EB1D4C69A7E7FC /* Debug */,
				5FBDB947A405E54568A6A3D0 /* Release */,
			);
			defaultConfigurationIsVisible = 0;
			defaultConfigurationName = Debug;
		};
		BE2975702A1301FE84BAD1C1 /* Build configuration list for PBXProject "AgingInPlace" */ = {
			isa = XCConfigurationList;
			buildConfigurations = (
				AC7CD98D9D6E607A9AD7EEB1 /* Debug */,
				0FCD970A50DD609B9DA51A1A /* Release */,
			);
			defaultConfigurationIsVisible = 0;
			defaultConfigurationName = Debug;
		};
/* End XCConfigurationList section */
	};
	rootObject = 289FD009081F6B165DA17BB0 /* Project object */;
}
